<?xml version="1.0" encoding="utf-8"?>
<Project ToolsVersion="4.0" xmlns="http://schemas.microsoft.com/developer/msbuild/2003">
  <ItemGroup>
    <Filter Include="源文件">
      <UniqueIdentifier>{4FC737F1-C7A5-4376-A066-2A32D752A2FF}</UniqueIdentifier>
      <Extensions>cpp;c;cc;cxx;def;odl;idl;hpj;bat;asm;asmx</Extensions>
    </Filter>
    <Filter Include="头文件">
      <UniqueIdentifier>{93995380-89BD-4b04-88EB-625FBE52EBFB}</UniqueIdentifier>
      <Extensions>h;hh;hpp;hxx;hm;inl;inc;ipp;xsd</Extensions>
    </Filter>
    <Filter Include="资源文件">
      <UniqueIdentifier>{67DA6AB6-F800-4c08-8B7A-83BB121AAD01}</UniqueIdentifier>
      <Extensions>rc;ico;cur;bmp;dlg;rc2;rct;bin;rgs;gif;jpg;jpeg;jpe;resx;tiff;tif;png;wav;mfcribbon-ms</Extensions>
    </Filter>
    <Filter Include="tasks">
      <UniqueIdentifier>{8bc66807-73a6-4d61-8af5-91854b756d76}</UniqueIdentifier>
    </Filter>
    <Filter Include="utils">
      <UniqueIdentifier>{eb9aba8f-4ee7-4662-ad8f-e044346d1af7}</UniqueIdentifier>
    </Filter>
    <Filter Include="utils\mmdb">
      <UniqueIdentifier>{1d1ba115-2a15-444f-8359-ec9b75cf4a4a}</UniqueIdentifier>
    </Filter>
    <Filter Include="download">
      <UniqueIdentifier>{4a1b553a-e24e-4dcd-84d4-3ebe0504cfd4}</UniqueIdentifier>
    </Filter>
    <Filter Include="utils\curlwrapper">
      <UniqueIdentifier>{a18b2cbf-d8ee-4f78-b4d1-b0eea54af199}</UniqueIdentifier>
    </Filter>
    <Filter Include="download\utils">
      <UniqueIdentifier>{fd678f08-d3f7-4c98-bcaf-d00d18a51fcd}</UniqueIdentifier>
    </Filter>
    <Filter Include="utils\lzma">
      <UniqueIdentifier>{d49a8c04-9025-4706-a9eb-07b458a122b3}</UniqueIdentifier>
    </Filter>
    <Filter Include="utils\lzma\src">
      <UniqueIdentifier>{e6ce7b26-ed2e-44f8-aebc-8398857fef1b}</UniqueIdentifier>
    </Filter>
    <Filter Include="persistence">
      <UniqueIdentifier>{b984b2cb-a4b1-45c1-b189-168c77a46763}</UniqueIdentifier>
    </Filter>
    <Filter Include="threadmanager">
      <UniqueIdentifier>{9e369fce-c06e-4f17-842c-5d1c17ec888f}</UniqueIdentifier>
    </Filter>
    <Filter Include="models">
      <UniqueIdentifier>{af4f93ef-b97f-4cb1-abc3-e0a3476f1ff3}</UniqueIdentifier>
    </Filter>
    <Filter Include="models\descriptor">
      <UniqueIdentifier>{aa2722da-fd6f-4c10-881d-06479cc88503}</UniqueIdentifier>
    </Filter>
    <Filter Include="models\descriptor\impl">
      <UniqueIdentifier>{176fb75a-3c9b-4c76-b701-655b3680e66b}</UniqueIdentifier>
    </Filter>
  </ItemGroup>
  <ItemGroup>
    <ClCompile Include="test.cpp">
      <Filter>源文件</Filter>
    </ClCompile>
    <ClCompile Include="DataFileReader.cpp">
      <Filter>源文件</Filter>
    </ClCompile>
    <ClCompile Include="ServerDescriptorModel.cpp">
      <Filter>源文件</Filter>
    </ClCompile>
    <ClCompile Include="DataJsonReader.cpp">
      <Filter>源文件</Filter>
    </ClCompile>
    <ClCompile Include="ExtraInfoModel.cpp">
      <Filter>源文件</Filter>
    </ClCompile>
    <ClCompile Include="tasks\AbsDataTask.cpp">
      <Filter>tasks</Filter>
    </ClCompile>
    <ClCompile Include="tasks\AddrCountTask.cpp">
      <Filter>tasks</Filter>
    </ClCompile>
    <ClCompile Include="TaskManager.cpp">
      <Filter>源文件</Filter>
    </ClCompile>
    <ClCompile Include="utils\mmdb\Reader.cpp">
      <Filter>utils\mmdb</Filter>
    </ClCompile>
    <ClCompile Include="utils\XfileUtils.cpp">
      <Filter>utils</Filter>
    </ClCompile>
    <ClCompile Include="utils\XstringUtils.cpp">
      <Filter>utils</Filter>
    </ClCompile>
    <ClCompile Include="utils\LogUtils.cpp">
      <Filter>utils</Filter>
    </ClCompile>
    <ClCompile Include="GlobalScheduler.cpp">
      <Filter>源文件</Filter>
    </ClCompile>
    <ClCompile Include="download\TorDataSpider.cpp">
      <Filter>download</Filter>
    </ClCompile>
    <ClCompile Include="utils\curlwrapper\Curl.cpp">
      <Filter>utils\curlwrapper</Filter>
    </ClCompile>
    <ClCompile Include="tasks\ServerReduceTask.cpp">
      <Filter>tasks</Filter>
    </ClCompile>
    <ClCompile Include="download\utils\TorIndexUtils.cpp">
      <Filter>download\utils</Filter>
    </ClCompile>
    <ClCompile Include="utils\lzma\src\Alloc.c">
      <Filter>utils\lzma\src</Filter>
    </ClCompile>
    <ClCompile Include="utils\lzma\src\LzFind.c">
      <Filter>utils\lzma\src</Filter>
    </ClCompile>
    <ClCompile Include="utils\lzma\src\LzFindMt.c">
      <Filter>utils\lzma\src</Filter>
    </ClCompile>
    <ClCompile Include="utils\lzma\src\LzmaDec.c">
      <Filter>utils\lzma\src</Filter>
    </ClCompile>
    <ClCompile Include="utils\lzma\src\LzmaEnc.c">
      <Filter>utils\lzma\src</Filter>
    </ClCompile>
    <ClCompile Include="utils\lzma\src\LzmaLib.c">
      <Filter>utils\lzma\src</Filter>
    </ClCompile>
    <ClCompile Include="utils\lzma\src\Threads.c">
      <Filter>utils\lzma\src</Filter>
    </ClCompile>
    <ClCompile Include="utils\lzma\src\Xz.c">
      <Filter>utils\lzma\src</Filter>
    </ClCompile>
    <ClCompile Include="utils\lzma\src\XzDec.c">
      <Filter>utils\lzma\src</Filter>
    </ClCompile>
    <ClCompile Include="utils\lzma\src\XzEnc.c">
      <Filter>utils\lzma\src</Filter>
    </ClCompile>
    <ClCompile Include="utils\lzma\src\Sha256.c">
      <Filter>utils\lzma\src</Filter>
    </ClCompile>
    <ClCompile Include="utils\lzma\src\7zAlloc.c">
      <Filter>utils\lzma\src</Filter>
    </ClCompile>
    <ClCompile Include="utils\lzma\src\7zArcIn.c">
      <Filter>utils\lzma\src</Filter>
    </ClCompile>
    <ClCompile Include="utils\lzma\src\7zBuf.c">
      <Filter>utils\lzma\src</Filter>
    </ClCompile>
    <ClCompile Include="utils\lzma\src\7zBuf2.c">
      <Filter>utils\lzma\src</Filter>
    </ClCompile>
    <ClCompile Include="utils\lzma\src\7zCrc.c">
      <Filter>utils\lzma\src</Filter>
    </ClCompile>
    <ClCompile Include="utils\lzma\src\7zCrcOpt.c">
      <Filter>utils\lzma\src</Filter>
    </ClCompile>
    <ClCompile Include="utils\lzma\src\7zDec.c">
      <Filter>utils\lzma\src</Filter>
    </ClCompile>
    <ClCompile Include="utils\lzma\src\7zFile.c">
      <Filter>utils\lzma\src</Filter>
    </ClCompile>
    <ClCompile Include="utils\lzma\src\7zStream.c">
      <Filter>utils\lzma\src</Filter>
    </ClCompile>
    <ClCompile Include="utils\lzma\src\Aes.c">
      <Filter>utils\lzma\src</Filter>
    </ClCompile>
    <ClCompile Include="utils\lzma\src\AesOpt.c">
      <Filter>utils\lzma\src</Filter>
    </ClCompile>
    <ClCompile Include="utils\lzma\src\Bcj2.c">
      <Filter>utils\lzma\src</Filter>
    </ClCompile>
    <ClCompile Include="utils\lzma\src\Bcj2Enc.c">
      <Filter>utils\lzma\src</Filter>
    </ClCompile>
    <ClCompile Include="utils\lzma\src\Bra.c">
      <Filter>utils\lzma\src</Filter>
    </ClCompile>
    <ClCompile Include="utils\lzma\src\Bra86.c">
      <Filter>utils\lzma\src</Filter>
    </ClCompile>
    <ClCompile Include="utils\lzma\src\BraIA64.c">
      <Filter>utils\lzma\src</Filter>
    </ClCompile>
    <ClCompile Include="utils\lzma\src\CpuArch.c">
      <Filter>utils\lzma\src</Filter>
    </ClCompile>
    <ClCompile Include="utils\lzma\src\Delta.c">
      <Filter>utils\lzma\src</Filter>
    </ClCompile>
    <ClCompile Include="utils\lzma\src\DllSecur.c">
      <Filter>utils\lzma\src</Filter>
    </ClCompile>
    <ClCompile Include="utils\lzma\src\Lzma2Dec.c">
      <Filter>utils\lzma\src</Filter>
    </ClCompile>
    <ClCompile Include="utils\lzma\src\Lzma2DecMt.c">
      <Filter>utils\lzma\src</Filter>
    </ClCompile>
    <ClCompile Include="utils\lzma\src\Lzma2Enc.c">
      <Filter>utils\lzma\src</Filter>
    </ClCompile>
    <ClCompile Include="utils\lzma\src\Lzma86Dec.c">
      <Filter>utils\lzma\src</Filter>
    </ClCompile>
    <ClCompile Include="utils\lzma\src\Lzma86Enc.c">
      <Filter>utils\lzma\src</Filter>
    </ClCompile>
    <ClCompile Include="utils\lzma\src\MtCoder.c">
      <Filter>utils\lzma\src</Filter>
    </ClCompile>
    <ClCompile Include="utils\lzma\src\MtDec.c">
      <Filter>utils\lzma\src</Filter>
    </ClCompile>
    <ClCompile Include="utils\lzma\src\Ppmd7.c">
      <Filter>utils\lzma\src</Filter>
    </ClCompile>
    <ClCompile Include="utils\lzma\src\Ppmd7Dec.c">
      <Filter>utils\lzma\src</Filter>
    </ClCompile>
    <ClCompile Include="utils\lzma\src\Ppmd7Enc.c">
      <Filter>utils\lzma\src</Filter>
    </ClCompile>
    <ClCompile Include="utils\lzma\src\Sort.c">
      <Filter>utils\lzma\src</Filter>
    </ClCompile>
    <ClCompile Include="utils\lzma\src\XzCrc64.c">
      <Filter>utils\lzma\src</Filter>
    </ClCompile>
    <ClCompile Include="utils\lzma\src\XzCrc64Opt.c">
      <Filter>utils\lzma\src</Filter>
    </ClCompile>
    <ClCompile Include="utils\lzma\src\XzIn.c">
      <Filter>utils\lzma\src</Filter>
    </ClCompile>
    <ClCompile Include="persistence\MongoDBConn.cpp">
      <Filter>persistence</Filter>
    </ClCompile>
    <ClCompile Include="threadmanager\ThreadMngr.cpp">
      <Filter>threadmanager</Filter>
    </ClCompile>
    <ClCompile Include="models\descriptor\impl\DescriptorImpl.cpp">
      <Filter>models\descriptor\impl</Filter>
    </ClCompile>
    <ClCompile Include="models\descriptor\impl\DirectorySignatureImpl.cpp">
      <Filter>models\descriptor\impl</Filter>
    </ClCompile>
    <ClCompile Include="models\descriptor\impl\DirSourceEntryImpl.cpp">
      <Filter>models\descriptor\impl</Filter>
    </ClCompile>
    <ClCompile Include="models\descriptor\impl\NetworkStatusImpl.cpp">
      <Filter>models\descriptor\impl</Filter>
    </ClCompile>
    <ClCompile Include="models\descriptor\impl\RelayNetworkStatusConsensusImpl.cpp">
      <Filter>models\descriptor\impl</Filter>
    </ClCompile>
    <ClCompile Include="models\descriptor\impl\Key.cpp">
      <Filter>models\descriptor\impl</Filter>
    </ClCompile>
  </ItemGroup>
  <ItemGroup>
    <None Include="Project.aps" />
    <None Include="cpp.hint" />
    <None Include="..\..\thirdparty\bin\bsoncxx.dll">
      <Filter>资源文件</Filter>
    </None>
    <None Include="..\..\thirdparty\bin\concrt140.dll">
      <Filter>资源文件</Filter>
    </None>
    <None Include="..\..\thirdparty\bin\mongocxx.dll">
      <Filter>资源文件</Filter>
    </None>
    <None Include="..\..\thirdparty\bin\msvcp140.dll">
      <Filter>资源文件</Filter>
    </None>
    <None Include="..\..\thirdparty\bin\vcruntime140.dll">
      <Filter>资源文件</Filter>
    </None>
  </ItemGroup>
  <ItemGroup>
    <ClInclude Include="DataFileReader.h">
      <Filter>头文件</Filter>
    </ClInclude>
    <ClInclude Include="ServerDescriptorModel.h">
      <Filter>头文件</Filter>
    </ClInclude>
    <ClInclude Include="DataJsonReader.h">
      <Filter>头文件</Filter>
    </ClInclude>
    <ClInclude Include="ExtraInfoModel.h">
      <Filter>头文件</Filter>
    </ClInclude>
    <ClInclude Include="tasks\AddrCountTask.h">
      <Filter>tasks</Filter>
    </ClInclude>
    <ClInclude Include="tasks\AbsDataTask.h">
      <Filter>tasks</Filter>
    </ClInclude>
    <ClInclude Include="TaskManager.h">
      <Filter>头文件</Filter>
    </ClInclude>
    <ClInclude Include="utils\mmdb\Reader.h">
      <Filter>utils\mmdb</Filter>
    </ClInclude>
    <ClInclude Include="utils\XfileUtils.h">
      <Filter>utils</Filter>
    </ClInclude>
    <ClInclude Include="utils\XstringUtils.h">
      <Filter>utils</Filter>
    </ClInclude>
    <ClInclude Include="utils\LogUtils.h">
      <Filter>utils</Filter>
    </ClInclude>
    <ClInclude Include="GlobalScheduler.h">
      <Filter>头文件</Filter>
    </ClInclude>
    <ClInclude Include="download\TorDataSpider.h">
      <Filter>download</Filter>
    </ClInclude>
    <ClInclude Include="utils\curlwrapper\Curl.h">
      <Filter>utils\curlwrapper</Filter>
    </ClInclude>
    <ClInclude Include="tasks\ServerReduceTask.h">
      <Filter>tasks</Filter>
    </ClInclude>
    <ClInclude Include="download\utils\TorIndexUtils.h">
      <Filter>download\utils</Filter>
    </ClInclude>
    <ClInclude Include="utils\lzma\src\Alloc.h">
      <Filter>utils\lzma\src</Filter>
    </ClInclude>
    <ClInclude Include="utils\lzma\src\LzFind.h">
      <Filter>utils\lzma\src</Filter>
    </ClInclude>
    <ClInclude Include="utils\lzma\src\LzFindMt.h">
      <Filter>utils\lzma\src</Filter>
    </ClInclude>
    <ClInclude Include="utils\lzma\src\LzHash.h">
      <Filter>utils\lzma\src</Filter>
    </ClInclude>
    <ClInclude Include="utils\lzma\src\LzmaDec.h">
      <Filter>utils\lzma\src</Filter>
    </ClInclude>
    <ClInclude Include="utils\lzma\src\LzmaEnc.h">
      <Filter>utils\lzma\src</Filter>
    </ClInclude>
    <ClInclude Include="utils\lzma\src\LzmaLib.h">
      <Filter>utils\lzma\src</Filter>
    </ClInclude>
    <ClInclude Include="utils\lzma\src\Threads.h">
      <Filter>utils\lzma\src</Filter>
    </ClInclude>
    <ClInclude Include="utils\lzma\src\7zTypes.h">
      <Filter>utils\lzma\src</Filter>
    </ClInclude>
    <ClInclude Include="utils\lzma\src\7zVersion.h">
      <Filter>utils\lzma\src</Filter>
    </ClInclude>
    <ClInclude Include="utils\lzma\src\Compiler.h">
      <Filter>utils\lzma\src</Filter>
    </ClInclude>
    <ClInclude Include="utils\lzma\src\Precomp.h">
      <Filter>utils\lzma\src</Filter>
    </ClInclude>
    <ClInclude Include="utils\lzma\src\Xz.h">
      <Filter>utils\lzma\src</Filter>
    </ClInclude>
    <ClInclude Include="utils\lzma\src\XzEnc.h">
      <Filter>utils\lzma\src</Filter>
    </ClInclude>
    <ClInclude Include="utils\lzma\src\Sha256.h">
      <Filter>utils\lzma\src</Filter>
    </ClInclude>
    <ClInclude Include="utils\lzma\src\7z.h">
      <Filter>utils\lzma\src</Filter>
    </ClInclude>
    <ClInclude Include="utils\lzma\src\7zAlloc.h">
      <Filter>utils\lzma\src</Filter>
    </ClInclude>
    <ClInclude Include="utils\lzma\src\7zBuf.h">
      <Filter>utils\lzma\src</Filter>
    </ClInclude>
    <ClInclude Include="utils\lzma\src\7zCrc.h">
      <Filter>utils\lzma\src</Filter>
    </ClInclude>
    <ClInclude Include="utils\lzma\src\7zFile.h">
      <Filter>utils\lzma\src</Filter>
    </ClInclude>
    <ClInclude Include="utils\lzma\src\Aes.h">
      <Filter>utils\lzma\src</Filter>
    </ClInclude>
    <ClInclude Include="utils\lzma\src\Bcj2.h">
      <Filter>utils\lzma\src</Filter>
    </ClInclude>
    <ClInclude Include="utils\lzma\src\Bra.h">
      <Filter>utils\lzma\src</Filter>
    </ClInclude>
    <ClInclude Include="utils\lzma\src\CpuArch.h">
      <Filter>utils\lzma\src</Filter>
    </ClInclude>
    <ClInclude Include="utils\lzma\src\Delta.h">
      <Filter>utils\lzma\src</Filter>
    </ClInclude>
    <ClInclude Include="utils\lzma\src\DllSecur.h">
      <Filter>utils\lzma\src</Filter>
    </ClInclude>
    <ClInclude Include="utils\lzma\src\Lzma2Dec.h">
      <Filter>utils\lzma\src</Filter>
    </ClInclude>
    <ClInclude Include="utils\lzma\src\Lzma2DecMt.h">
      <Filter>utils\lzma\src</Filter>
    </ClInclude>
    <ClInclude Include="utils\lzma\src\Lzma2Enc.h">
      <Filter>utils\lzma\src</Filter>
    </ClInclude>
    <ClInclude Include="utils\lzma\src\Lzma86.h">
      <Filter>utils\lzma\src</Filter>
    </ClInclude>
    <ClInclude Include="utils\lzma\src\MtCoder.h">
      <Filter>utils\lzma\src</Filter>
    </ClInclude>
    <ClInclude Include="utils\lzma\src\MtDec.h">
      <Filter>utils\lzma\src</Filter>
    </ClInclude>
    <ClInclude Include="utils\lzma\src\Ppmd.h">
      <Filter>utils\lzma\src</Filter>
    </ClInclude>
    <ClInclude Include="utils\lzma\src\Ppmd7.h">
      <Filter>utils\lzma\src</Filter>
    </ClInclude>
    <ClInclude Include="utils\lzma\src\RotateDefs.h">
      <Filter>utils\lzma\src</Filter>
    </ClInclude>
    <ClInclude Include="utils\lzma\src\Sort.h">
      <Filter>utils\lzma\src</Filter>
    </ClInclude>
    <ClInclude Include="utils\lzma\src\XzCrc64.h">
      <Filter>utils\lzma\src</Filter>
    </ClInclude>
    <ClInclude Include="persistence\MongoDBConn.h">
      <Filter>persistence</Filter>
    </ClInclude>
    <ClInclude Include="threadmanager\ThreadMngr.h">
      <Filter>threadmanager</Filter>
    </ClInclude>
    <ClInclude Include="models\descriptor\Descriptor.h">
      <Filter>models\descriptor</Filter>
    </ClInclude>
    <ClInclude Include="models\descriptor\RelayNetworkStatusConsensus.h">
      <Filter>models\descriptor</Filter>
    </ClInclude>
    <ClInclude Include="models\descriptor\DirSourceEntry.h">
      <Filter>models\descriptor</Filter>
    </ClInclude>
    <ClInclude Include="models\descriptor\NetworkStatusEntry.h">
      <Filter>models\descriptor</Filter>
    </ClInclude>
    <ClInclude Include="models\descriptor\DirectorySignature.h">
      <Filter>models\descriptor</Filter>
    </ClInclude>
    <ClInclude Include="models\descriptor\impl\DescriptorImpl.h">
      <Filter>models\descriptor\impl</Filter>
    </ClInclude>
    <ClInclude Include="models\descriptor\impl\DirectorySignatureImpl.h">
      <Filter>models\descriptor\impl</Filter>
    </ClInclude>
    <ClInclude Include="models\descriptor\impl\DirSourceEntryImpl.h">
      <Filter>models\descriptor\impl</Filter>
    </ClInclude>
    <ClInclude Include="models\descriptor\impl\NetworkStatusImpl.h">
      <Filter>models\descriptor\impl</Filter>
    </ClInclude>
    <ClInclude Include="models\descriptor\impl\RelayNetworkStatusConsensusImpl.h">
      <Filter>models\descriptor\impl</Filter>
    </ClInclude>
    <ClInclude Include="models\descriptor\impl\Key.h">
      <Filter>models\descriptor\impl</Filter>
    </ClInclude>
  </ItemGroup>
  <ItemGroup>
    <ResourceCompile Include="utils\lzma\src\7zVersion.rc">
      <Filter>utils\lzma\src</Filter>
    </ResourceCompile>
  </ItemGroup>
</Project>