
Microsoft Visual Studio Solution File, Format Version 12.00
# Visual Studio 15
VisualStudioVersion = 15.0.28307.421
MinimumVisualStudioVersion = 10.0.40219.1
Project("{8BC9CEB8-8B4A-11D0-8D11-00A0C91BC942}") = "Project", "Project\Project.vcxproj", "{4593EE80-AA5C-4D56-8056-CC1426C8897C}"
EndProject
Project("{8BC9CEB8-8B4A-11D0-8D11-00A0C91BC942}") = "NativeTest", "NativeTest\NativeTest.vcxproj", "{A436F97A-E543-41B8-8CF1-3633B6213CDB}"
EndProject
Global
	GlobalSection(SolutionConfigurationPlatforms) = preSolution
		Debug|x64 = Debug|x64
		Debug|x86 = Debug|x86
		Release|x64 = Release|x64
		Release|x86 = Release|x86
	EndGlobalSection
	GlobalSection(ProjectConfigurationPlatforms) = postSolution
		{4593EE80-AA5C-4D56-8056-CC1426C8897C}.Debug|x64.ActiveCfg = Debug|x64
		{4593EE80-AA5C-4D56-8056-CC1426C8897C}.Debug|x64.Build.0 = Debug|x64
		{4593EE80-AA5C-4D56-8056-CC1426C8897C}.Debug|x86.ActiveCfg = Debug|Win32
		{4593EE80-AA5C-4D56-8056-CC1426C8897C}.Debug|x86.Build.0 = Debug|Win32
		{4593EE80-AA5C-4D56-8056-CC1426C8897C}.Release|x64.ActiveCfg = Release|x64
		{4593EE80-AA5C-4D56-8056-CC1426C8897C}.Release|x64.Build.0 = Release|x64
		{4593EE80-AA5C-4D56-8056-CC1426C8897C}.Release|x86.ActiveCfg = Release|Win32
		{4593EE80-AA5C-4D56-8056-CC1426C8897C}.Release|x86.Build.0 = Release|Win32
		{A436F97A-E543-41B8-8CF1-3633B6213CDB}.Debug|x64.ActiveCfg = Debug|x64
		{A436F97A-E543-41B8-8CF1-3633B6213CDB}.Debug|x64.Build.0 = Debug|x64
		{A436F97A-E543-41B8-8CF1-3633B6213CDB}.Debug|x86.ActiveCfg = Debug|Win32
		{A436F97A-E543-41B8-8CF1-3633B6213CDB}.Debug|x86.Build.0 = Debug|Win32
		{A436F97A-E543-41B8-8CF1-3633B6213CDB}.Release|x64.ActiveCfg = Release|x64
		{A436F97A-E543-41B8-8CF1-3633B6213CDB}.Release|x64.Build.0 = Release|x64
		{A436F97A-E543-41B8-8CF1-3633B6213CDB}.Release|x86.ActiveCfg = Release|Win32
		{A436F97A-E543-41B8-8CF1-3633B6213CDB}.Release|x86.Build.0 = Release|Win32
	EndGlobalSection
	GlobalSection(SolutionProperties) = preSolution
		HideSolutionNode = FALSE
	EndGlobalSection
	GlobalSection(ExtensibilityGlobals) = postSolution
		SolutionGuid = {74849003-1F0B-4872-A22D-A322402551B8}
	EndGlobalSection
EndGlobal
